
Microsoft Visual Studio Solution File, Format Version 12.00
# Visual Studio 15
VisualStudioVersion = 15.0.27130.2020
MinimumVisualStudioVersion = 10.0.40219.1
Project("{8BC9CEB8-8B4A-11D0-8D11-00A0C91BC942}") = "extractingnumArray", "extractingnumArray\extractingnumArray.vcxproj", "{8A88C7AA-1C3C-46F0-844E-012F8DBE09DA}"
EndProject
Global
	GlobalSection(SolutionConfigurationPlatforms) = preSolution
		Debug|x64 = Debug|x64
		Debug|x86 = Debug|x86
		Release|x64 = Release|x64
		Release|x86 = Release|x86
	EndGlobalSection
	GlobalSection(ProjectConfigurationPlatforms) = postSolution
		{8A88C7AA-1C3C-46F0-844E-012F8DBE09DA}.Debug|x64.ActiveCfg = Debug|x64
		{8A88C7AA-1C3C-46F0-844E-012F8DBE09DA}.Debug|x64.Build.0 = Debug|x64
		{8A88C7AA-1C3C-46F0-844E-012F8DBE09DA}.Debug|x86.ActiveCfg = Debug|Win32
		{8A88C7AA-1C3C-46F0-844E-012F8DBE09DA}.Debug|x86.Build.0 = Debug|Win32
		{8A88C7AA-1C3C-46F0-844E-012F8DBE09DA}.Release|x64.ActiveCfg = Release|x64
		{8A88C7AA-1C3C-46F0-844E-012F8DBE09DA}.Release|x64.Build.0 = Release|x64
		{8A88C7AA-1C3C-46F0-844E-012F8DBE09DA}.Release|x86.ActiveCfg = Release|Win32
		{8A88C7AA-1C3C-46F0-844E-012F8DBE09DA}.Release|x86.Build.0 = Release|Win32
	EndGlobalSection
	GlobalSection(SolutionProperties) = preSolution
		HideSolutionNode = FALSE
	EndGlobalSection
	GlobalSection(ExtensibilityGlobals) = postSolution
		SolutionGuid = {6A843C7A-1B1F-4F7A-869C-E0AA5DCC45A3}
	EndGlobalSection
EndGlobal
